Microsoft Visual Studio Solution File, Format Version 10.00
# Visual Studio 2008
Project("{F184B08F-C81C-45F6-A57F-5ABD9991F28F}") = "ZulAssets", "ZulAssets\ZulAssets.vbproj", "{1A0DBF6B-702C-4DDB-A97C-CD8AAC4C7456}"
	ProjectSection(ProjectDependencies) = postProject
		{3D5CC236-293E-4711-BF1F-E970035094D5} = {3D5CC236-293E-4711-BF1F-E970035094D5}
		{FB41EB5C-8431-41B0-8D7A-9B42D1058085} = {FB41EB5C-8431-41B0-8D7A-9B42D1058085}
	EndProjectSection
EndProject
Project("{F184B08F-C81C-45F6-A57F-5ABD9991F28F}") = "ZulAssetsBL", "ZulAssetsBL\ZulAssetsBL.vbproj", "{0D50B773-7BD4-420F-91B4-06869F9E8F5B}"
EndProject
Project("{F184B08F-C81C-45F6-A57F-5ABD9991F28F}") = "ZulAssetsDAL", "ZulAssetsDAL\ZulAssetsDAL.vbproj", "{F3239F37-C1E0-4772-8C5E-2D66446EF16E}"
EndProject
Project("{54435603-DBB4-11D2-8724-00A0C9A8B90C}") = "ZulAssets Setup", "ZulAssets Setup\ZulAssets Setup.vdproj", "{F397B879-CE26-4EF3-A3CB-FF90483BF3A2}"
EndProject
Project("{F184B08F-C81C-45F6-A57F-5ABD9991F28F}") = "clsDAL", "clsDAL\clsDAL\clsDAL.vbproj", "{FD9E4265-1843-43C4-A943-F07F6819E1A2}"
EndProject
Project("{F184B08F-C81C-45F6-A57F-5ABD9991F28F}") = "ZulAssetDepreciation", "ZulAssetDepreciation\ZulAssetDepreciation.vbproj", "{2FC61F8D-8E2B-47CD-AC91-334A78DFF88C}"
EndProject
Project("{F184B08F-C81C-45F6-A57F-5ABD9991F28F}") = "ZulTree", "Controls\ZulTree\ZulTree.vbproj", "{745E3B59-AEFC-4BAA-900A-92822163ECF2}"
EndProject
Project("{F184B08F-C81C-45F6-A57F-5ABD9991F28F}") = "ZulLOV", "Controls\ZulLOV\ZulLOV.vbproj", "{E4701AD0-6721-4F00-B5E5-1E6CA9FFBD95}"
EndProject
Project("{F184B08F-C81C-45F6-A57F-5ABD9991F28F}") = "GenericDAL", "GenericDAL\GenericDAL.vbproj", "{0F734536-2A18-4F0A-9D2C-BB0E696C55AF}"
EndProject
Project("{F184B08F-C81C-45F6-A57F-5ABD9991F28F}") = "ZulLib", "ZulLib\ZulLib.vbproj", "{F7B9594A-FF6A-49FE-878A-BCCAB99C2037}"
EndProject
Project("{2150E333-8FDC-42A3-9474-1A3956D46DE8}") = "AddIns", "AddIns", "{4330440E-A3AD-465F-900E-53C15A684ABA}"
EndProject
Project("{F184B08F-C81C-45F6-A57F-5ABD9991F28F}") = "AddInInterface", "AddIns\AddInInterface\AddInInterface.vbproj", "{0E797B2B-CE5D-4190-942E-FF2714B95F71}"
EndProject
Project("{F184B08F-C81C-45F6-A57F-5ABD9991F28F}") = "AbunayyanPlugin", "AddIns\Abunayyan\AbunayyanPlugin.vbproj", "{D83D377B-A6C7-47BC-874C-BA5CEDAA28AC}"
EndProject
Project("{F184B08F-C81C-45F6-A57F-5ABD9991F28F}") = "AbunayyanSync", "AddIns\AbunayyanSync\AbunayyanSync.vbproj", "{F608C37D-181C-4C95-816C-43AA796504AD}"
EndProject
Project("{F184B08F-C81C-45F6-A57F-5ABD9991F28F}") = "ABBIntegration", "AddIns\ABBIntegration\ABBIntegration.vbproj", "{F19408C4-1AA6-44E2-A4E0-A071B2248B7B}"
EndProject
Project("{F184B08F-C81C-45F6-A57F-5ABD9991F28F}") = "ABBSync", "AddIns\ABBSync\ABBSync.vbproj", "{6DD82D6C-C0C8-42A7-99F2-EB0074A462BB}"
EndProject
Project("{F184B08F-C81C-45F6-A57F-5ABD9991F28F}") = "ElafPlugin", "AddIns\Elaf\ElafPlugin.vbproj", "{71472A35-22DB-4F29-88A9-154B60FCB9AB}"
EndProject
Project("{F184B08F-C81C-45F6-A57F-5ABD9991F28F}") = "SABBPlugin", "AddIns\SABB\SABBPlugin.vbproj", "{741F2DB8-4D81-44A6-AE41-6D275F205AC7}"
EndProject
Project("{F184B08F-C81C-45F6-A57F-5ABD9991F28F}") = "GSFMOPlugin", "AddIns\GSFMO\GSFMOPlugin.vbproj", "{32A79C45-8EA9-436E-B6F0-099F7DE62E10}"
EndProject
Project("{F184B08F-C81C-45F6-A57F-5ABD9991F28F}") = "NMCIntegration", "AddIns\NMCIntegration\NMCIntegration.vbproj", "{68A2E169-77BC-4873-BC8A-AC14BBC94E54}"
EndProject
Project("{F184B08F-C81C-45F6-A57F-5ABD9991F28F}") = "NMCSync", "AddIns\NMCSync\NMCSync.vbproj", "{5DA701DD-1091-4854-B3BC-256280CBB7C9}"
EndProject
Project("{F184B08F-C81C-45F6-A57F-5ABD9991F28F}") = "RetajIntegration", "AddIns\RetajIntegration\RetajIntegration.vbproj", "{02A56B4F-1E42-4818-B460-9C997F30DCBB}"
EndProject
Project("{F184B08F-C81C-45F6-A57F-5ABD9991F28F}") = "FairmontIntegration", "AddIns\FairmontIntegration\FairmontIntegration.vbproj", "{F5FF6D90-EF2E-4794-829B-E82A32A7B4B4}"
EndProject
Project("{F184B08F-C81C-45F6-A57F-5ABD9991F28F}") = "CMAIntegration", "AddIns\CMAIntegration\CMAIntegration.vbproj", "{A0698DD2-A4D1-47C6-8088-B83DA76C57D4}"
EndProject
Project("{F184B08F-C81C-45F6-A57F-5ABD9991F28F}") = "OberoiHotelPlugin", "AddIns\Oberoi Hotel Plugin\OberoiHotelPlugin.vbproj", "{42C74EF0-24A6-4228-AA44-9815945C9880}"
EndProject
Project("{F184B08F-C81C-45F6-A57F-5ABD9991F28F}") = "GetMotherBoardID", "GetMotherBoardID\GetMotherBoardID.vbproj", "{E1F25EC3-9DE7-41E4-AC7A-BA1AEDE02F12}"
EndProject
Project("{F184B08F-C81C-45F6-A57F-5ABD9991F28F}") = "SanofiPlugin", "AddIns\Sanofi Plugin\SanofiPlugin.vbproj", "{788D0EB8-20D2-4696-B468-7F14BD889FB1}"
EndProject
Project("{F184B08F-C81C-45F6-A57F-5ABD9991F28F}") = "CITCPlugin", "AddIns\CITCPlugin\CITCPlugin.vbproj", "{9AFD2D57-5B88-4B92-A7DF-189F24A074A7}"
EndProject
Project("{F184B08F-C81C-45F6-A57F-5ABD9991F28F}") = "CITCSync", "AddIns\CITCSync\CITCSync.vbproj", "{7C9734AF-0EF6-4D0B-B7F4-81A415754E6A}"
EndProject
Project("{F184B08F-C81C-45F6-A57F-5ABD9991F28F}") = "MezanPlugin", "AddIns\Mezan bank\MezanPlugin.vbproj", "{65967B08-5111-4878-9068-769F98DB0F7F}"
EndProject
Project("{F184B08F-C81C-45F6-A57F-5ABD9991F28F}") = "MovenpickPlugin", "AddIns\Movenpick\MovenpickPlugin.vbproj", "{EC8AF70C-9ACD-45C8-BA74-BD89462988A9}"
EndProject
Project("{F184B08F-C81C-45F6-A57F-5ABD9991F28F}") = "KPMGPlugin", "AddIns\KPMG\KPMGPlugin.vbproj", "{52350302-1F94-486B-8DF2-4C1E82090BFC}"
EndProject
Project("{F184B08F-C81C-45F6-A57F-5ABD9991F28F}") = "UBLInsuranceIntegration", "AddIns\UBLInsuranceIntegration\UBLInsuranceIntegration.vbproj", "{13662249-581F-448A-82D4-2510C91B416C}"
EndProject
Project("{F184B08F-C81C-45F6-A57F-5ABD9991F28F}") = "ARLPlugin", "AddIns\ARLPlugin\ARLPlugin.vbproj", "{47D3F18E-33A4-4B1D-B98C-3FADC6003365}"
EndProject
Project("{F184B08F-C81C-45F6-A57F-5ABD9991F28F}") = "ARLSync", "AddIns\ARLSync\ARLSync.vbproj", "{DFF902ED-9C49-4317-9D81-E6349BFEA544}"
EndProject
Project("{F184B08F-C81C-45F6-A57F-5ABD9991F28F}") = "PAKBOSPlugin", "AddIns\British Overseas School BOS\PAKBOSPlugin.vbproj", "{3D5CC236-293E-4711-BF1F-E970035094D5}"
EndProject
Project("{FAE04EC0-301F-11D3-BF4B-00C04F79EFBC}") = "ZultecScreenCapture", "Controls\ZultecScreenCapture\ZultecScreenCapture.csproj", "{63299109-5FDC-4256-AF69-65FFF2DA1DF2}"
EndProject
Project("{F184B08F-C81C-45F6-A57F-5ABD9991F28F}") = "ZulHierTree", "Controls\ZulHierTree\ZulHierTree.vbproj", "{6920EF83-AFE8-4B89-BBA8-CF90ED1E0BC6}"
EndProject
Project("{F184B08F-C81C-45F6-A57F-5ABD9991F28F}") = "BAJAFOODPlugin", "AddIns\BAJA\BAJAFOODPlugin.vbproj", "{C3E5EACB-48E1-4BAC-A35C-80638C7FB400}"
EndProject
Project("{F184B08F-C81C-45F6-A57F-5ABD9991F28F}") = "BankOfKhyberPlugin", "AddIns\BankOfKhyberPlugin\BankOfKhyberPlugin.vbproj", "{FB41EB5C-8431-41B0-8D7A-9B42D1058085}"
EndProject
Global
	GlobalSection(SolutionConfigurationPlatforms) = preSolution
		Debug|Any CPU = Debug|Any CPU
		Release|Any CPU = Release|Any CPU
	EndGlobalSection
	GlobalSection(ProjectConfigurationPlatforms) = postSolution
		{1A0DBF6B-702C-4DDB-A97C-CD8AAC4C7456}.Debug|Any CPU.ActiveCfg = Debug|Any CPU
		{1A0DBF6B-702C-4DDB-A97C-CD8AAC4C7456}.Debug|Any CPU.Build.0 = Debug|Any CPU
		{1A0DBF6B-702C-4DDB-A97C-CD8AAC4C7456}.Release|Any CPU.ActiveCfg = Release|Any CPU
		{1A0DBF6B-702C-4DDB-A97C-CD8AAC4C7456}.Release|Any CPU.Build.0 = Release|Any CPU
		{0D50B773-7BD4-420F-91B4-06869F9E8F5B}.Debug|Any CPU.ActiveCfg = Debug|Any CPU
		{0D50B773-7BD4-420F-91B4-06869F9E8F5B}.Debug|Any CPU.Build.0 = Debug|Any CPU
		{0D50B773-7BD4-420F-91B4-06869F9E8F5B}.Release|Any CPU.ActiveCfg = Release|Any CPU
		{0D50B773-7BD4-420F-91B4-06869F9E8F5B}.Release|Any CPU.Build.0 = Release|Any CPU
		{F3239F37-C1E0-4772-8C5E-2D66446EF16E}.Debug|Any CPU.ActiveCfg = Debug|Any CPU
		{F3239F37-C1E0-4772-8C5E-2D66446EF16E}.Debug|Any CPU.Build.0 = Debug|Any CPU
		{F3239F37-C1E0-4772-8C5E-2D66446EF16E}.Release|Any CPU.ActiveCfg = Release|Any CPU
		{F3239F37-C1E0-4772-8C5E-2D66446EF16E}.Release|Any CPU.Build.0 = Release|Any CPU
		{F397B879-CE26-4EF3-A3CB-FF90483BF3A2}.Debug|Any CPU.ActiveCfg = Release
		{F397B879-CE26-4EF3-A3CB-FF90483BF3A2}.Release|Any CPU.ActiveCfg = Release
		{FD9E4265-1843-43C4-A943-F07F6819E1A2}.Debug|Any CPU.ActiveCfg = Debug|Any CPU
		{FD9E4265-1843-43C4-A943-F07F6819E1A2}.Debug|Any CPU.Build.0 = Debug|Any CPU
		{FD9E4265-1843-43C4-A943-F07F6819E1A2}.Release|Any CPU.ActiveCfg = Release|Any CPU
		{FD9E4265-1843-43C4-A943-F07F6819E1A2}.Release|Any CPU.Build.0 = Release|Any CPU
		{2FC61F8D-8E2B-47CD-AC91-334A78DFF88C}.Debug|Any CPU.ActiveCfg = Debug|Any CPU
		{2FC61F8D-8E2B-47CD-AC91-334A78DFF88C}.Debug|Any CPU.Build.0 = Debug|Any CPU
		{2FC61F8D-8E2B-47CD-AC91-334A78DFF88C}.Release|Any CPU.ActiveCfg = Release|Any CPU
		{2FC61F8D-8E2B-47CD-AC91-334A78DFF88C}.Release|Any CPU.Build.0 = Release|Any CPU
		{745E3B59-AEFC-4BAA-900A-92822163ECF2}.Debug|Any CPU.ActiveCfg = Debug|Any CPU
		{745E3B59-AEFC-4BAA-900A-92822163ECF2}.Debug|Any CPU.Build.0 = Debug|Any CPU
		{745E3B59-AEFC-4BAA-900A-92822163ECF2}.Release|Any CPU.ActiveCfg = Release|Any CPU
		{745E3B59-AEFC-4BAA-900A-92822163ECF2}.Release|Any CPU.Build.0 = Release|Any CPU
		{E4701AD0-6721-4F00-B5E5-1E6CA9FFBD95}.Debug|Any CPU.ActiveCfg = Debug|Any CPU
		{E4701AD0-6721-4F00-B5E5-1E6CA9FFBD95}.Debug|Any CPU.Build.0 = Debug|Any CPU
		{E4701AD0-6721-4F00-B5E5-1E6CA9FFBD95}.Release|Any CPU.ActiveCfg = Release|Any CPU
		{E4701AD0-6721-4F00-B5E5-1E6CA9FFBD95}.Release|Any CPU.Build.0 = Release|Any CPU
		{0F734536-2A18-4F0A-9D2C-BB0E696C55AF}.Debug|Any CPU.ActiveCfg = Debug|Any CPU
		{0F734536-2A18-4F0A-9D2C-BB0E696C55AF}.Debug|Any CPU.Build.0 = Debug|Any CPU
		{0F734536-2A18-4F0A-9D2C-BB0E696C55AF}.Release|Any CPU.ActiveCfg = Release|Any CPU
		{0F734536-2A18-4F0A-9D2C-BB0E696C55AF}.Release|Any CPU.Build.0 = Release|Any CPU
		{F7B9594A-FF6A-49FE-878A-BCCAB99C2037}.Debug|Any CPU.ActiveCfg = Debug|Any CPU
		{F7B9594A-FF6A-49FE-878A-BCCAB99C2037}.Debug|Any CPU.Build.0 = Debug|Any CPU
		{F7B9594A-FF6A-49FE-878A-BCCAB99C2037}.Release|Any CPU.ActiveCfg = Release|Any CPU
		{F7B9594A-FF6A-49FE-878A-BCCAB99C2037}.Release|Any CPU.Build.0 = Release|Any CPU
		{0E797B2B-CE5D-4190-942E-FF2714B95F71}.Debug|Any CPU.ActiveCfg = Debug|Any CPU
		{0E797B2B-CE5D-4190-942E-FF2714B95F71}.Debug|Any CPU.Build.0 = Debug|Any CPU
		{0E797B2B-CE5D-4190-942E-FF2714B95F71}.Release|Any CPU.ActiveCfg = Release|Any CPU
		{0E797B2B-CE5D-4190-942E-FF2714B95F71}.Release|Any CPU.Build.0 = Release|Any CPU
		{D83D377B-A6C7-47BC-874C-BA5CEDAA28AC}.Debug|Any CPU.ActiveCfg = Debug|Any CPU
		{D83D377B-A6C7-47BC-874C-BA5CEDAA28AC}.Release|Any CPU.ActiveCfg = Release|Any CPU
		{D83D377B-A6C7-47BC-874C-BA5CEDAA28AC}.Release|Any CPU.Build.0 = Release|Any CPU
		{F608C37D-181C-4C95-816C-43AA796504AD}.Debug|Any CPU.ActiveCfg = Debug|Any CPU
		{F608C37D-181C-4C95-816C-43AA796504AD}.Release|Any CPU.ActiveCfg = Release|Any CPU
		{F608C37D-181C-4C95-816C-43AA796504AD}.Release|Any CPU.Build.0 = Release|Any CPU
		{F19408C4-1AA6-44E2-A4E0-A071B2248B7B}.Debug|Any CPU.ActiveCfg = Debug|Any CPU
		{F19408C4-1AA6-44E2-A4E0-A071B2248B7B}.Debug|Any CPU.Build.0 = Debug|Any CPU
		{F19408C4-1AA6-44E2-A4E0-A071B2248B7B}.Release|Any CPU.ActiveCfg = Release|Any CPU
		{F19408C4-1AA6-44E2-A4E0-A071B2248B7B}.Release|Any CPU.Build.0 = Release|Any CPU
		{6DD82D6C-C0C8-42A7-99F2-EB0074A462BB}.Debug|Any CPU.ActiveCfg = Debug|Any CPU
		{6DD82D6C-C0C8-42A7-99F2-EB0074A462BB}.Debug|Any CPU.Build.0 = Debug|Any CPU
		{6DD82D6C-C0C8-42A7-99F2-EB0074A462BB}.Release|Any CPU.ActiveCfg = Release|Any CPU
		{6DD82D6C-C0C8-42A7-99F2-EB0074A462BB}.Release|Any CPU.Build.0 = Release|Any CPU
		{71472A35-22DB-4F29-88A9-154B60FCB9AB}.Debug|Any CPU.ActiveCfg = Debug|Any CPU
		{71472A35-22DB-4F29-88A9-154B60FCB9AB}.Debug|Any CPU.Build.0 = Debug|Any CPU
		{71472A35-22DB-4F29-88A9-154B60FCB9AB}.Release|Any CPU.ActiveCfg = Release|Any CPU
		{71472A35-22DB-4F29-88A9-154B60FCB9AB}.Release|Any CPU.Build.0 = Release|Any CPU
		{741F2DB8-4D81-44A6-AE41-6D275F205AC7}.Debug|Any CPU.ActiveCfg = Debug|Any CPU
		{741F2DB8-4D81-44A6-AE41-6D275F205AC7}.Release|Any CPU.ActiveCfg = Release|Any CPU
		{741F2DB8-4D81-44A6-AE41-6D275F205AC7}.Release|Any CPU.Build.0 = Release|Any CPU
		{32A79C45-8EA9-436E-B6F0-099F7DE62E10}.Debug|Any CPU.ActiveCfg = Debug|Any CPU
		{32A79C45-8EA9-436E-B6F0-099F7DE62E10}.Release|Any CPU.ActiveCfg = Release|Any CPU
		{32A79C45-8EA9-436E-B6F0-099F7DE62E10}.Release|Any CPU.Build.0 = Release|Any CPU
		{68A2E169-77BC-4873-BC8A-AC14BBC94E54}.Debug|Any CPU.ActiveCfg = Debug|Any CPU
		{68A2E169-77BC-4873-BC8A-AC14BBC94E54}.Debug|Any CPU.Build.0 = Debug|Any CPU
		{68A2E169-77BC-4873-BC8A-AC14BBC94E54}.Release|Any CPU.ActiveCfg = Release|Any CPU
		{68A2E169-77BC-4873-BC8A-AC14BBC94E54}.Release|Any CPU.Build.0 = Release|Any CPU
		{5DA701DD-1091-4854-B3BC-256280CBB7C9}.Debug|Any CPU.ActiveCfg = Debug|Any CPU
		{5DA701DD-1091-4854-B3BC-256280CBB7C9}.Debug|Any CPU.Build.0 = Debug|Any CPU
		{5DA701DD-1091-4854-B3BC-256280CBB7C9}.Release|Any CPU.ActiveCfg = Release|Any CPU
		{5DA701DD-1091-4854-B3BC-256280CBB7C9}.Release|Any CPU.Build.0 = Release|Any CPU
		{02A56B4F-1E42-4818-B460-9C997F30DCBB}.Debug|Any CPU.ActiveCfg = Debug|Any CPU
		{02A56B4F-1E42-4818-B460-9C997F30DCBB}.Debug|Any CPU.Build.0 = Debug|Any CPU
		{02A56B4F-1E42-4818-B460-9C997F30DCBB}.Release|Any CPU.ActiveCfg = Release|Any CPU
		{02A56B4F-1E42-4818-B460-9C997F30DCBB}.Release|Any CPU.Build.0 = Release|Any CPU
		{F5FF6D90-EF2E-4794-829B-E82A32A7B4B4}.Debug|Any CPU.ActiveCfg = Debug|Any CPU
		{F5FF6D90-EF2E-4794-829B-E82A32A7B4B4}.Release|Any CPU.ActiveCfg = Release|Any CPU
		{F5FF6D90-EF2E-4794-829B-E82A32A7B4B4}.Release|Any CPU.Build.0 = Release|Any CPU
		{A0698DD2-A4D1-47C6-8088-B83DA76C57D4}.Debug|Any CPU.ActiveCfg = Debug|Any CPU
		{A0698DD2-A4D1-47C6-8088-B83DA76C57D4}.Debug|Any CPU.Build.0 = Debug|Any CPU
		{A0698DD2-A4D1-47C6-8088-B83DA76C57D4}.Release|Any CPU.ActiveCfg = Release|Any CPU
		{A0698DD2-A4D1-47C6-8088-B83DA76C57D4}.Release|Any CPU.Build.0 = Release|Any CPU
		{42C74EF0-24A6-4228-AA44-9815945C9880}.Debug|Any CPU.ActiveCfg = Debug|Any CPU
		{42C74EF0-24A6-4228-AA44-9815945C9880}.Release|Any CPU.ActiveCfg = Release|Any CPU
		{42C74EF0-24A6-4228-AA44-9815945C9880}.Release|Any CPU.Build.0 = Release|Any CPU
		{E1F25EC3-9DE7-41E4-AC7A-BA1AEDE02F12}.Debug|Any CPU.ActiveCfg = Debug|Any CPU
		{E1F25EC3-9DE7-41E4-AC7A-BA1AEDE02F12}.Debug|Any CPU.Build.0 = Debug|Any CPU
		{E1F25EC3-9DE7-41E4-AC7A-BA1AEDE02F12}.Release|Any CPU.ActiveCfg = Release|Any CPU
		{E1F25EC3-9DE7-41E4-AC7A-BA1AEDE02F12}.Release|Any CPU.Build.0 = Release|Any CPU
		{788D0EB8-20D2-4696-B468-7F14BD889FB1}.Debug|Any CPU.ActiveCfg = Debug|Any CPU
		{788D0EB8-20D2-4696-B468-7F14BD889FB1}.Release|Any CPU.ActiveCfg = Release|Any CPU
		{788D0EB8-20D2-4696-B468-7F14BD889FB1}.Release|Any CPU.Build.0 = Release|Any CPU
		{9AFD2D57-5B88-4B92-A7DF-189F24A074A7}.Debug|Any CPU.ActiveCfg = Debug|Any CPU
		{9AFD2D57-5B88-4B92-A7DF-189F24A074A7}.Release|Any CPU.ActiveCfg = Release|Any CPU
		{9AFD2D57-5B88-4B92-A7DF-189F24A074A7}.Release|Any CPU.Build.0 = Release|Any CPU
		{7C9734AF-0EF6-4D0B-B7F4-81A415754E6A}.Debug|Any CPU.ActiveCfg = Debug|Any CPU
		{7C9734AF-0EF6-4D0B-B7F4-81A415754E6A}.Release|Any CPU.ActiveCfg = Release|Any CPU
		{7C9734AF-0EF6-4D0B-B7F4-81A415754E6A}.Release|Any CPU.Build.0 = Release|Any CPU
		{65967B08-5111-4878-9068-769F98DB0F7F}.Debug|Any CPU.ActiveCfg = Debug|Any CPU
		{65967B08-5111-4878-9068-769F98DB0F7F}.Release|Any CPU.ActiveCfg = Release|Any CPU
		{65967B08-5111-4878-9068-769F98DB0F7F}.Release|Any CPU.Build.0 = Release|Any CPU
		{EC8AF70C-9ACD-45C8-BA74-BD89462988A9}.Debug|Any CPU.ActiveCfg = Debug|Any CPU
		{EC8AF70C-9ACD-45C8-BA74-BD89462988A9}.Debug|Any CPU.Build.0 = Debug|Any CPU
		{EC8AF70C-9ACD-45C8-BA74-BD89462988A9}.Release|Any CPU.ActiveCfg = Release|Any CPU
		{52350302-1F94-486B-8DF2-4C1E82090BFC}.Debug|Any CPU.ActiveCfg = Debug|Any CPU
		{52350302-1F94-486B-8DF2-4C1E82090BFC}.Debug|Any CPU.Build.0 = Debug|Any CPU
		{52350302-1F94-486B-8DF2-4C1E82090BFC}.Release|Any CPU.ActiveCfg = Release|Any CPU
		{52350302-1F94-486B-8DF2-4C1E82090BFC}.Release|Any CPU.Build.0 = Release|Any CPU
		{13662249-581F-448A-82D4-2510C91B416C}.Debug|Any CPU.ActiveCfg = Debug|Any CPU
		{13662249-581F-448A-82D4-2510C91B416C}.Debug|Any CPU.Build.0 = Debug|Any CPU
		{13662249-581F-448A-82D4-2510C91B416C}.Release|Any CPU.ActiveCfg = Release|Any CPU
		{13662249-581F-448A-82D4-2510C91B416C}.Release|Any CPU.Build.0 = Release|Any CPU
		{47D3F18E-33A4-4B1D-B98C-3FADC6003365}.Debug|Any CPU.ActiveCfg = Debug|Any CPU
		{47D3F18E-33A4-4B1D-B98C-3FADC6003365}.Debug|Any CPU.Build.0 = Debug|Any CPU
		{47D3F18E-33A4-4B1D-B98C-3FADC6003365}.Release|Any CPU.ActiveCfg = Release|Any CPU
		{47D3F18E-33A4-4B1D-B98C-3FADC6003365}.Release|Any CPU.Build.0 = Release|Any CPU
		{DFF902ED-9C49-4317-9D81-E6349BFEA544}.Debug|Any CPU.ActiveCfg = Debug|Any CPU
		{DFF902ED-9C49-4317-9D81-E6349BFEA544}.Debug|Any CPU.Build.0 = Debug|Any CPU
		{DFF902ED-9C49-4317-9D81-E6349BFEA544}.Release|Any CPU.ActiveCfg = Release|Any CPU
		{DFF902ED-9C49-4317-9D81-E6349BFEA544}.Release|Any CPU.Build.0 = Release|Any CPU
		{3D5CC236-293E-4711-BF1F-E970035094D5}.Debug|Any CPU.ActiveCfg = Debug|Any CPU
		{3D5CC236-293E-4711-BF1F-E970035094D5}.Debug|Any CPU.Build.0 = Debug|Any CPU
		{3D5CC236-293E-4711-BF1F-E970035094D5}.Release|Any CPU.ActiveCfg = Release|Any CPU
		{3D5CC236-293E-4711-BF1F-E970035094D5}.Release|Any CPU.Build.0 = Release|Any CPU
		{63299109-5FDC-4256-AF69-65FFF2DA1DF2}.Debug|Any CPU.ActiveCfg = Debug|Any CPU
		{63299109-5FDC-4256-AF69-65FFF2DA1DF2}.Debug|Any CPU.Build.0 = Debug|Any CPU
		{63299109-5FDC-4256-AF69-65FFF2DA1DF2}.Release|Any CPU.ActiveCfg = Release|Any CPU
		{63299109-5FDC-4256-AF69-65FFF2DA1DF2}.Release|Any CPU.Build.0 = Release|Any CPU
		{6920EF83-AFE8-4B89-BBA8-CF90ED1E0BC6}.Debug|Any CPU.ActiveCfg = Debug|Any CPU
		{6920EF83-AFE8-4B89-BBA8-CF90ED1E0BC6}.Debug|Any CPU.Build.0 = Debug|Any CPU
		{6920EF83-AFE8-4B89-BBA8-CF90ED1E0BC6}.Release|Any CPU.ActiveCfg = Release|Any CPU
		{6920EF83-AFE8-4B89-BBA8-CF90ED1E0BC6}.Release|Any CPU.Build.0 = Release|Any CPU
		{C3E5EACB-48E1-4BAC-A35C-80638C7FB400}.Debug|Any CPU.ActiveCfg = Debug|Any CPU
		{C3E5EACB-48E1-4BAC-A35C-80638C7FB400}.Debug|Any CPU.Build.0 = Debug|Any CPU
		{C3E5EACB-48E1-4BAC-A35C-80638C7FB400}.Release|Any CPU.ActiveCfg = Release|Any CPU
		{C3E5EACB-48E1-4BAC-A35C-80638C7FB400}.Release|Any CPU.Build.0 = Release|Any CPU
		{FB41EB5C-8431-41B0-8D7A-9B42D1058085}.Debug|Any CPU.ActiveCfg = Debug|Any CPU
		{FB41EB5C-8431-41B0-8D7A-9B42D1058085}.Debug|Any CPU.Build.0 = Debug|Any CPU
		{FB41EB5C-8431-41B0-8D7A-9B42D1058085}.Release|Any CPU.ActiveCfg = Release|Any CPU
		{FB41EB5C-8431-41B0-8D7A-9B42D1058085}.Release|Any CPU.Build.0 = Release|Any CPU
	EndGlobalSection
	GlobalSection(SolutionProperties) = preSolution
		HideSolutionNode = FALSE
	EndGlobalSection
	GlobalSection(NestedProjects) = preSolution
		{0E797B2B-CE5D-4190-942E-FF2714B95F71} = {4330440E-A3AD-465F-900E-53C15A684ABA}
		{D83D377B-A6C7-47BC-874C-BA5CEDAA28AC} = {4330440E-A3AD-465F-900E-53C15A684ABA}
		{F608C37D-181C-4C95-816C-43AA796504AD} = {4330440E-A3AD-465F-900E-53C15A684ABA}
		{F19408C4-1AA6-44E2-A4E0-A071B2248B7B} = {4330440E-A3AD-465F-900E-53C15A684ABA}
		{6DD82D6C-C0C8-42A7-99F2-EB0074A462BB} = {4330440E-A3AD-465F-900E-53C15A684ABA}
		{71472A35-22DB-4F29-88A9-154B60FCB9AB} = {4330440E-A3AD-465F-900E-53C15A684ABA}
		{741F2DB8-4D81-44A6-AE41-6D275F205AC7} = {4330440E-A3AD-465F-900E-53C15A684ABA}
		{32A79C45-8EA9-436E-B6F0-099F7DE62E10} = {4330440E-A3AD-465F-900E-53C15A684ABA}
		{68A2E169-77BC-4873-BC8A-AC14BBC94E54} = {4330440E-A3AD-465F-900E-53C15A684ABA}
		{5DA701DD-1091-4854-B3BC-256280CBB7C9} = {4330440E-A3AD-465F-900E-53C15A684ABA}
		{02A56B4F-1E42-4818-B460-9C997F30DCBB} = {4330440E-A3AD-465F-900E-53C15A684ABA}
		{F5FF6D90-EF2E-4794-829B-E82A32A7B4B4} = {4330440E-A3AD-465F-900E-53C15A684ABA}
		{A0698DD2-A4D1-47C6-8088-B83DA76C57D4} = {4330440E-A3AD-465F-900E-53C15A684ABA}
		{42C74EF0-24A6-4228-AA44-9815945C9880} = {4330440E-A3AD-465F-900E-53C15A684ABA}
		{788D0EB8-20D2-4696-B468-7F14BD889FB1} = {4330440E-A3AD-465F-900E-53C15A684ABA}
		{9AFD2D57-5B88-4B92-A7DF-189F24A074A7} = {4330440E-A3AD-465F-900E-53C15A684ABA}
		{7C9734AF-0EF6-4D0B-B7F4-81A415754E6A} = {4330440E-A3AD-465F-900E-53C15A684ABA}
		{65967B08-5111-4878-9068-769F98DB0F7F} = {4330440E-A3AD-465F-900E-53C15A684ABA}
		{EC8AF70C-9ACD-45C8-BA74-BD89462988A9} = {4330440E-A3AD-465F-900E-53C15A684ABA}
		{52350302-1F94-486B-8DF2-4C1E82090BFC} = {4330440E-A3AD-465F-900E-53C15A684ABA}
		{13662249-581F-448A-82D4-2510C91B416C} = {4330440E-A3AD-465F-900E-53C15A684ABA}
		{47D3F18E-33A4-4B1D-B98C-3FADC6003365} = {4330440E-A3AD-465F-900E-53C15A684ABA}
		{DFF902ED-9C49-4317-9D81-E6349BFEA544} = {4330440E-A3AD-465F-900E-53C15A684ABA}
		{3D5CC236-293E-4711-BF1F-E970035094D5} = {4330440E-A3AD-465F-900E-53C15A684ABA}
		{C3E5EACB-48E1-4BAC-A35C-80638C7FB400} = {4330440E-A3AD-465F-900E-53C15A684ABA}
		{FB41EB5C-8431-41B0-8D7A-9B42D1058085} = {4330440E-A3AD-465F-900E-53C15A684ABA}
	EndGlobalSection
EndGlobal
